
Microsoft Visual Studio Solution File, Format Version 12.00
# Visual Studio Version 17
VisualStudioVersion = 17.8.34525.116
MinimumVisualStudioVersion = 10.0.40219.1
Project("{9A19103F-16F7-4668-BE54-9A1E7A4F7556}") = "BankAppBackend", "BankAppBackend.csproj", "{2679AA40-077E-4B1C-863A-D78F4FC7C90A}"
EndProject
Global
	GlobalSection(SolutionConfigurationPlatforms) = preSolution
		Debug|Any CPU = Debug|Any CPU
		Release|Any CPU = Release|Any CPU
	EndGlobalSection
	GlobalSection(ProjectConfigurationPlatforms) = postSolution
		{2679AA40-077E-4B1C-863A-D78F4FC7C90A}.Debug|Any CPU.ActiveCfg = Debug|Any CPU
		{2679AA40-077E-4B1C-863A-D78F4FC7C90A}.Debug|Any CPU.Build.0 = Debug|Any CPU
		{2679AA40-077E-4B1C-863A-D78F4FC7C90A}.Release|Any CPU.ActiveCfg = Release|Any CPU
		{2679AA40-077E-4B1C-863A-D78F4FC7C90A}.Release|Any CPU.Build.0 = Release|Any CPU
	EndGlobalSection
	GlobalSection(SolutionProperties) = preSolution
		HideSolutionNode = FALSE
	EndGlobalSection
	GlobalSection(ExtensibilityGlobals) = postSolution
		SolutionGuid = {3CBB17AB-F077-4BE9-B732-E7EBD9A17270}
	EndGlobalSection
EndGlobal
